{
    "_meta": {
        "hash": {
            "sha256": "810bd64faf05e92f96e8ab19f42cf77ecce22643a722da3aa595ee33ff8a0821"
        },
        "pipfile-spec": 6,
        "requires": {
            "python_version": "3.6"
        },
        "sources": [
            {
                "name": "piwheels",
                "url": "https://www.piwheels.org/simple",
                "verify_ssl": true
            },
            {
                "name": "pypi",
                "url": "https://pypi.org/simple",
                "verify_ssl": true
            }
        ]
    },
    "default": {
        "aiohttp": {
            "hashes": [
                "sha256:0419705a36b43c0ac6f15469f9c2a08cad5c939d78bd12a5c23ea167c8253b2b",
                "sha256:1812fc4bc6ac1bde007daa05d2d0f61199324e0cc893b11523e646595047ca08",
                "sha256:2214b5c0153f45256d5d52d1e0cafe53f9905ed035a142191727a5fb620c03dd",
                "sha256:275909137f0c92c61ba6bb1af856a522d5546f1de8ea01e4e726321c697754ac",
                "sha256:3983611922b561868428ea1e7269e757803713f55b53502423decc509fef1650",
                "sha256:51afec6ffa50a9da4cdef188971a802beb1ca8e8edb40fa429e5e529db3475fa",
                "sha256:589f2ec8a101a0f340453ee6945bdfea8e1cd84c8d88e5be08716c34c0799d95",
                "sha256:789820ddc65e1f5e71516adaca2e9022498fa5a837c79ba9c692a9f8f916c330",
                "sha256:7a968a0bdaaf9abacc260911775611c9a602214a23aeb846f2eb2eeaa350c4dc",
                "sha256:7aeefbed253f59ea39e70c5848de42ed85cb941165357fc7e87ab5d8f1f9592b",
                "sha256:7b2eb55c66512405103485bd7d285a839d53e7fdc261ab20e5bcc51d7aaff5de",
                "sha256:87bc95d3d333bb689c8d755b4a9d7095a2356108002149523dfc8e607d5d32a4",
                "sha256:9d80e40db208e29168d3723d1440ecbb06054d349c5ece6a2c5a611490830dd7",
                "sha256:a1b442195c2a77d33e4dbee67c9877ccbdd3a1f686f91eb479a9577ed8cc326b",
                "sha256:ab3d769413b322d6092f169f316f7b21cd261a7589f7e31db779d5731b0480d8",
                "sha256:b066d3dec5d0f5aee6e34e5765095dc3d6d78ef9839640141a2b20816a0642bd",
                "sha256:b24e7845ae8de3e388ef4bcfcf7f96b05f52c8e633b33cf8003a6b1d726fc7c2",
                "sha256:b64205467d6c22187eb09fb149cc2aa8648880f5e8290bc949ad6ea3955ecc06",
                "sha256:c59a953c3f8524a7c86eaeaef5bf702555be12f5668f6384149fe4bb75c52698",
                "sha256:cf2cc6c2c10d242790412bea7ccf73726a9a44b4c4b073d2699ef3b48971fd95",
                "sha256:e0c9c8d4150ae904f308ff27b35446990d2b1dfc944702a21925937e937394c6",
                "sha256:f1839db4c2b08a9c8f9788112644f8a8557e8e0ecc77b07091afabb941dc55d0",
                "sha256:f3df52362be39908f9c028a65490fae0475e4898b43a03d8aa29d1e765b45e07"
            ],
            "index": "pypi",
            "version": "==3.4.4"
        },
        "async-timeout": {
            "hashes": [
                "sha256:0c3c816a028d47f659d6ff5c745cb2acf1f966da1fe5c19c77a70282b25f4c5f",
                "sha256:4291ca197d287d274d0b6cb5d6f8f8f82d434ed288f962539ff18cc9012f9ea3"
            ],
            "version": "==3.0.1"
        },
        "attrs": {
            "hashes": [
                "sha256:10cbf6e27dbce8c30807caf056c8eb50917e0eaafe86347671b57254006c3e69",
                "sha256:ca4be454458f9dec299268d472aaa5a11f67a4ff70093396e1ceae9c76cf4bbb"
            ],
            "version": "==18.2.0"
        },
        "chardet": {
            "hashes": [
                "sha256:84ab92ed1c4d4f16916e05906b6b75a6c0fb5db821cc65e70cbd64a3e2a5eaae",
                "sha256:fc323ffcaeaed0e0a02bf4d117757b98aed530d9ed4531e3e15460124c106691"
            ],
            "version": "==3.0.4"
        },
        "idna": {
            "hashes": [
                "sha256:156a6814fb5ac1fc6850fb002e0852d56c0c8d2531923a51032d1b70760e186e"
            ],
            "version": "==2.7"
        },
        "idna-ssl": {
            "hashes": [
                "sha256:a933e3bb13da54383f9e8f35dc4f9cb9eb9b3b78c6b36f311254d6d0d92c6c7c",
                "sha256:d8d12a105bd730687f8e74cf0a9b5cbff1d893db6f2b4cc68fc5dedcd308ffeb"
            ],
            "markers": "python_version < '3.7'",
            "version": "==1.1.0"
        },
        "multidict": {
            "hashes": [
                "sha256:0573239b5241a075b944b39bdf87fb6600e3a56ad5ca6d2ba9699d62de872309",
                "sha256:085b1f55327b4c8c425ce96a7fdfd6a6a1e864444a90d2107f47de4c53b6edea",
                "sha256:0fcb6c778efe11598d85e6d88667809a6d5957261a763e7117e7a3b84c89bec7",
                "sha256:1ee14a2e7bef872ddac61450e6128aae21304b5165d21fd04681faa3261a7b2e",
                "sha256:2c1791371a973d93facccc38adf9e9c14656bf85c2beddd48329134d139b6e7f",
                "sha256:2cda0064cab0e2d46b02aeee9e218066993b40d4900b07d8360f54c80eed4c5c",
                "sha256:3574eef3ceb983658c3c8bef0c1b3771a2dea338b3822a0c2bec03363f1dc8bb",
                "sha256:3864b26cdb1c7454809ec12fb0998989b8832ebb8423aa69ff3a1ad82b9756f3",
                "sha256:3e6f7161ea60795f33b21e91b5c9fa66a3dd416f949684ade8ba8a9b193f7e50",
                "sha256:3fa7944194cc96319cbbd53a1e0fb6dfe1e437efb75117828c35ce5b30d9d0c9",
                "sha256:470ddec7a3ae052862af73dd39a1b1c582a1ec397f8643f09658de56a0a84ac9",
                "sha256:5cb1a5926fe898451688036b5e95863c6e75110c98810584695b2403cb04522f",
                "sha256:754ed617ecb736261ee3595b4a5dc035bcb5e897ce0a0148252aa8cbc2e59e60",
                "sha256:79879c5c0434840d6ac5246e53d22e18c7f5b87419abb968e6357ba65386993a",
                "sha256:7db4a72fa35bbe9ccaf3c856b14d89e26e8de5ca0c31604ac5970a3746182f5a",
                "sha256:839676a86dbadf4a0be32ca580292c764245044eae324ebfc55362c13886d5d6",
                "sha256:8805d8eec8437f9d2b3fd5c09822ef259af08ece0a19f41d2ad8d322a7a67054",
                "sha256:8cbb4725aad6dc38cca571dab803f53ed76fc5cc468088636b42b539719aa5f9",
                "sha256:9137d7e3db47641aa86526b60dd3d50d2066617668f8617f0c16adf92dfbaa9e",
                "sha256:a6d985c3ccc1fca18cfd415406047f0984e3b07f533d50aa91c36eadb46681a9",
                "sha256:af381425a02e0a235b23a685cda2d94cd0679ed8257d8a54c5f03ff2eee1fbb7",
                "sha256:b7399dfd7f977c419d6e2b08d1099afe00f51454eb2ecc6b067c9eba6efb0a34",
                "sha256:b8204fe2cb7199ecd568e67268a49d87f031c294e46d6fdf17bd1e544bcb81ba",
                "sha256:ba973fd954f3de8e47e4be43f530729dd7e894615d3734a1b23f4de14f883142",
                "sha256:c00b1423d09a73c94553f80ea52dc8c4341beae448bd4468a603263040debb17",
                "sha256:ca4fab7f9590b7fa6c5dcde16356726f254456a2bb33d98828d896ba57a5eda1",
                "sha256:dcb97bf0efa02a067f2a42c457dfa1548d8bc8913c12f96e26460709bc8a2ae5",
                "sha256:e7d1f2671bd62064da2c7d6318c4f9307889cb85c59e00b2d1a66c2ed3bae3eb",
                "sha256:ed8a1c22cbf6b0840e8b8a436bc378164a0474580968f38a0eeec8ed7cb78b75",
                "sha256:f3826e28328455f62e8de193fb4ab5349ad78da693f1e002fd90d249a0cfaa8b"
            ],
            "version": "==4.5.0"
        },
        "numpy": {
            "hashes": [
                "sha256:0df89ca13c25eaa1621a3f09af4c8ba20da849692dcae184cb55e80952c453fb",
                "sha256:10d1234d68da9eb9f768e57d40f00ce62d411ae96203baab52f18db40a2feda1",
                "sha256:154c35f195fd3e1fad2569930ca51907057ae35e03938f89a8aedae91dd1b7c7",
                "sha256:18e84323cdb8de3325e741a7a8dd4a82db74fde363dce32b625324c7b32aa6d7",
                "sha256:1e8956c37fc138d65ded2d96ab3949bd49038cc6e8a4494b1515b0ba88c91565",
                "sha256:23557bdbca3ccbde3abaa12a6e82299bc92d2b9139011f8c16ca1bb8c75d1e95",
                "sha256:24fd645a5e5d224aa6e39d93e4a722fafa9160154f296fd5ef9580191c755053",
                "sha256:36e36b6868e4440760d4b9b44587ea1dc1f06532858d10abba98e851e154ca70",
                "sha256:3d734559db35aa3697dadcea492a423118c5c55d176da2f3be9c98d4803fc2a7",
                "sha256:416a2070acf3a2b5d586f9a6507bb97e33574df5bd7508ea970bbf4fc563fa52",
                "sha256:4a22dc3f5221a644dfe4a63bf990052cc674ef12a157b1056969079985c92816",
                "sha256:4d8d3e5aa6087490912c14a3c10fbdd380b40b421c13920ff468163bc50e016f",
                "sha256:4f41fd159fba1245e1958a99d349df49c616b133636e0cf668f169bce2aeac2d",
                "sha256:561ef098c50f91fbac2cc9305b68c915e9eb915a74d9038ecf8af274d748f76f",
                "sha256:56994e14b386b5c0a9b875a76d22d707b315fa037affc7819cda08b6d0489756",
                "sha256:73a1f2a529604c50c262179fcca59c87a05ff4614fe8a15c186934d84d09d9a5",
                "sha256:7da99445fd890206bfcc7419f79871ba8e73d9d9e6b82fe09980bc5bb4efc35f",
                "sha256:97647c0a50dbb5a0f3d5e533778598e6ecb26a1135f687a89b11d5cd415b1582",
                "sha256:99d59e0bcadac4aa3280616591fb7bcd560e2218f5e31d5223a2e12a1425d495",
                "sha256:a4cc09489843c70b22e8373ca3dfa52b3fab778b57cf81462f1203b0852e95e3",
                "sha256:a61dc29cfca9831a03442a21d4b5fd77e3067beca4b5f81f1a89a04a71cf93fa",
                "sha256:b1853df739b32fa913cc59ad9137caa9cc3d97ff871e2bbd89c2a2a1d4a69451",
                "sha256:b1f44c335532c0581b77491b7715a871d0dd72e97487ac0f57337ccf3ab3469b",
                "sha256:b261e0cb0d6faa8fd6863af26d30351fd2ffdb15b82e51e81e96b9e9e2e7ba16",
                "sha256:c857ae5dba375ea26a6228f98c195fec0898a0fd91bcf0e8a0cae6d9faf3eca7",
                "sha256:cf5bb4a7d53a71bb6a0144d31df784a973b36d8687d615ef6a7e9b1809917a9b",
                "sha256:db9814ff0457b46f2e1d494c1efa4111ca089e08c8b983635ebffb9c1573361f",
                "sha256:df04f4bad8a359daa2ff74f8108ea051670cafbca533bb2636c58b16e962989e",
                "sha256:ecf81720934a0e18526177e645cbd6a8a21bb0ddc887ff9738de07a1df5c6b61",
                "sha256:edfa6fba9157e0e3be0f40168eb142511012683ac3dc82420bee4a3f3981b30e"
            ],
            "version": "==1.15.4"
        },
        "opencv-python": {
            "hashes": [
                "sha256:03d4b5ebc2414965a51ff937e2bebfb14a046e5653443f2f1620e76cfa1834a3",
                "sha256:1c45c5dd335faab7c8f84d45fe35c43c17f67237b067fb4e570cc858c904cf17",
                "sha256:1d433cc5c0ddb679fdd92e5c510487476894496c4cf8a565882d7455df29d658",
                "sha256:1d860995d4510c86c5e9ee2c9b2026cf8681c52e0b7bbbcf3eb91030e320c0a3",
                "sha256:1de2ffdb04c3a5161f6a9a6adc6a63d5e3bd22bfc661e4631bbc9dc780471002",
                "sha256:201422601fc99c89556c47538cb6f423f0cc1e974684701b9431bfa132fcac13",
                "sha256:2f38155daad6a2f8a9f33fbfa2ac683a8eaf20cb24e0723dacc9cef7ed6d3420",
                "sha256:36761f73e7b37a3b612215f0926b6866982c2c3bed44ee6376187010b872ae5e",
                "sha256:496a3b7228fc8c3f6fc1f5dc71ca61e0a5168caa270e475d23901e81754626d6",
                "sha256:514d88f34512df951b66b42d29a513e3f1878bd28afd1b8645db6afba5eb1996",
                "sha256:5880eba246498d999cf4adec24521ad169f9c547a2a5ecbcda5b44fab5511a62",
                "sha256:5916a130912519aaa77b70486eb57ae53cb181cbc9a09abb0a12f97a55c9bbb1",
                "sha256:63593ef7f11e97b65a368f45ec6c565d1b3ff1b5600df233b8e56eed1384017d",
                "sha256:699c0f9648f7d694b7a17eff241b0de93083901993bb4754fab3af3531d0450a",
                "sha256:7b84a069da8a826d5de0950227726e8d9dbeaa19628c039ae7a0e195ebb33231",
                "sha256:86d2e8f003b0106e44d564230ecae1ee98f5020f4136821dfeeadfb688a21fc5",
                "sha256:9d8da6fec400d764fd6c220be9bf14d4efc725880ea453338c2ef89759086ee2",
                "sha256:a2803dc25288523c7a777c4e299075cf4e1bf608259c24bdbbfdd3b5901e93cb",
                "sha256:a4e7850ba96985ace46233779c719354b1d0885e2163aebb574c18193c1fb496",
                "sha256:a9e376659bdb8573886dd39161d409a0d24cf04b4e331adaab6a9070d93429bc",
                "sha256:c3a8b33be85bf60d7a75d6ddaf118bc51475ced656a2b289b3eaf07ce02ed0f2",
                "sha256:c4665715a1e04acd65554e60e92e5927d35db3cb9dc0d2c318fd75d94a7faa39",
                "sha256:cd9cacf436350c2713069125dd6d8e839ada8ac8009d8f91b791f3119cd7f55c",
                "sha256:ce1bb1d392f1eb454fa5ad48034cecd000d77c5c7cafb9d7fb9e5e4b609d072e",
                "sha256:d0b55ffc95a5b82488cc8e87821b6a69c107e0d048c0149a1532792783a8c056",
                "sha256:d9e05843f06b324fceb717bb2d9ab388099e784fadf0c4424e446e4166c4a2ff",
                "sha256:dad5f1d54395a0bd997dc61f51a037ee65055e90a0af6a0604264cfdebd7dbc4",
                "sha256:e1a4e2cce210577dc37b2464978735c9e6400854e0b47e0bdfe708e40a8455a8",
                "sha256:ec891c8790f2bb75e84be104bc9d547199f230b17ec26eeec3a8b179b686e8fc",
                "sha256:f67b7952ce6d6947dcd486000da4fee101e31d9b9980ecb0c03378ffe995c10d",
                "sha256:fe5e21e60a95cf46917beab04baf43a747272acfe3bbb65aa224b930b6e1bcc0"
            ],
            "index": "pypi",
            "version": "==3.4.3.18"
        },
        "yarl": {
            "hashes": [
                "sha256:2556b779125621b311844a072e0ed367e8409a18fa12cbd68eb1258d187820f9",
                "sha256:4aec0769f1799a9d4496827292c02a7b1f75c0bab56ab2b60dd94ebb57cbd5ee",
                "sha256:55369d95afaacf2fa6b49c84d18b51f1704a6560c432a0f9a1aeb23f7b971308",
                "sha256:6c098b85442c8fe3303e708bbb775afd0f6b29f77612e8892627bcab4b939357",
                "sha256:9182cd6f93412d32e009020a44d6d170d2093646464a88aeec2aef50592f8c78",
                "sha256:c8cbc21bbfa1dd7d5386d48cc814fe3d35b80f60299cdde9279046f399c3b0d8",
                "sha256:db6f70a4b09cde813a4807843abaaa60f3b15fb4a2a06f9ae9c311472662daa1",
                "sha256:f17495e6fe3d377e3faac68121caef6f974fcb9e046bc075bcff40d8e5cc69a4",
                "sha256:f85900b9cca0c67767bb61b2b9bd53208aaa7373dae633dbe25d179b4bf38aa7"
            ],
            "version": "==1.2.6"
        }
    },
    "develop": {
        "astroid": {
            "hashes": [
                "sha256:292fa429e69d60e4161e7612cb7cc8fa3609e2e309f80c224d93a76d5e7b58be",
                "sha256:c7013d119ec95eb626f7a2011f0b63d0c9a095df9ad06d8507b37084eada1a8d"
            ],
            "version": "==2.0.4"
        },
        "isort": {
            "hashes": [
                "sha256:1153601da39a25b14ddc54955dbbacbb6b2d19135386699e2ad58517953b34af",
                "sha256:b9c40e9750f3d77e6e4d441d8b0266cf555e7cdabdcff33c4fd06366ca761ef8",
                "sha256:ec9ef8f4a9bc6f71eec99e1806bfa2de401650d996c59330782b89a5555c1497"
            ],
            "version": "==4.3.4"
        },
        "lazy-object-proxy": {
            "hashes": [
                "sha256:e34b155e36fa9da7e1b7c738ed7767fc9491a62ec6af70fe9da4a057759edc2d"
            ],
            "version": "==1.3.1"
        },
        "mccabe": {
            "hashes": [
                "sha256:ab8a6258860da4b6677da4bd2fe5dc2c659cff31b3ee4f7f5d64e79735b80d42",
                "sha256:dd8d182285a0fe56bace7f45b5e7d1a6ebcbf524e8f3bd87eb0f125271b8831f"
            ],
            "version": "==0.6.1"
        },
        "pylint": {
            "hashes": [
                "sha256:1d6d3622c94b4887115fe5204982eee66fdd8a951cf98635ee5caee6ec98c3ec",
                "sha256:31142f764d2a7cd41df5196f9933b12b7ee55e73ef12204b648ad7e556c119fb"
            ],
            "index": "pypi",
            "version": "==2.1.1"
        },
        "six": {
            "hashes": [
                "sha256:832dc0e10feb1aa2c68dcc57dbb658f1c7e65b9b61af69048abc87a2db00a0eb"
            ],
            "version": "==1.11.0"
        },
        "typed-ast": {
            "hashes": [
                "sha256:8550177fa5d4c1f09b5e5f524411c44633c80ec69b24e0e98906dd761941ca46"
            ],
            "markers": "python_version < '3.7' and implementation_name == 'cpython'",
            "version": "==1.1.0"
        },
        "wrapt": {
            "hashes": [
                "sha256:001350f371a51dd3049c5671333de79f413e1513b96c1ae23ccd1f0900e88595"
            ],
            "version": "==1.10.11"
        }
    }
}
